# This file is automatically @generated by Cargo.
# It is not intended for manual editing.
version = 3

[[package]]
name = "task_01_stack"
version = "0.1.0"

[[package]]
name = "task_02_queue"
version = "0.1.0"

[[package]]
name = "task_03_vector"
version = "0.1.0"

[[package]]
name = "task_04_circular_buffer"
version = "0.1.0"

[[package]]
name = "task_05_ring_buffer"
version = "0.1.0"

[[package]]
name = "task_06_alloc"
version = "0.1.0"

[[package]]
name = "task_07_mempool"
version = "0.1.0"

[[package]]
name = "task_08_smart_ptr"
version = "0.1.0"

[[package]]
name = "task_09_lock_free"
version = "0.1.0"

[[package]]
name = "task_10_arena_alloc"
version = "0.1.0"

[[package]]
name = "task_11_ref_gc"
version = "0.1.0"

[[package]]
name = "task_12_alloc_mempool"
version = "0.1.0"

[[package]]
name = "task_13_buffer"
version = "0.1.0"

[[package]]
name = "task_14_cow"
version = "0.1.0"
